// !$*UTF8*$!
{
	archiveVersion = 1;
	classes = {
	};
	objectVersion = 46;
	objects = {

/* Begin PBXBuildFile section */
		001741B41A3BC60900D1D283 /* main.m in Sources */ = {isa = PBXBuildFile; fileRef = 001741B31A3BC60900D1D283 /* main.m */; };
		001741B71A3BC60900D1D283 /* AppDelegate.m in Sources */ = {isa = PBXBuildFile; fileRef = 001741B61A3BC60900D1D283 /* AppDelegate.m */; };
		001741BA1A3BC60900D1D283 /* TimeLineViewController.m in Sources */ = {isa = PBXBuildFile; fileRef = 001741B91A3BC60900D1D283 /* TimeLineViewController.m */; };
		001741BF1A3BC60900D1D283 /* Images.xcassets in Resources */ = {isa = PBXBuildFile; fileRef = 001741BE1A3BC60900D1D283 /* Images.xcassets */; };
		001741C21A3BC60900D1D283 /* LaunchScreen.xib in Resources */ = {isa = PBXBuildFile; fileRef = 001741C01A3BC60900D1D283 /* LaunchScreen.xib */; };
		001741CE1A3BC60900D1D283 /* OpenTweetTests.m in Sources */ = {isa = PBXBuildFile; fileRef = 001741CD1A3BC60900D1D283 /* OpenTweetTests.m */; };
		001741D81A3BC7DC00D1D283 /* TimeLineViewController.xib in Resources */ = {isa = PBXBuildFile; fileRef = 001741D71A3BC7DC00D1D283 /* TimeLineViewController.xib */; };
		001741DD1A3BC85900D1D283 /* timeline.json in Resources */ = {isa = PBXBuildFile; fileRef = 001741DC1A3BC85900D1D283 /* timeline.json */; };
		4D2E9C441A3D003B0051E3C5 /* TweetThreadViewController.m in Sources */ = {isa = PBXBuildFile; fileRef = 4D2E9C431A3D003B0051E3C5 /* TweetThreadViewController.m */; };
		4D2E9C471A3D05180051E3C5 /* TweetThreadTableViewCell.m in Sources */ = {isa = PBXBuildFile; fileRef = 4D2E9C461A3D05180051E3C5 /* TweetThreadTableViewCell.m */; };
		4D5D6ABF1A3C009500B885A4 /* Main.storyboard in Resources */ = {isa = PBXBuildFile; fileRef = 4D5D6ABE1A3C009500B885A4 /* Main.storyboard */; };
		4D5D6AC21A3C076F00B885A4 /* TimeLineTableViewCell.m in Sources */ = {isa = PBXBuildFile; fileRef = 4D5D6AC11A3C076F00B885A4 /* TimeLineTableViewCell.m */; };
/* End PBXBuildFile section */

/* Begin PBXContainerItemProxy section */
		001741C81A3BC60900D1D283 /* PBXContainerItemProxy */ = {
			isa = PBXContainerItemProxy;
			containerPortal = 001741A61A3BC60900D1D283 /* Project object */;
			proxyType = 1;
			remoteGlobalIDString = 001741AD1A3BC60900D1D283;
			remoteInfo = OpenTweet;
		};
/* End PBXContainerItemProxy section */

/* Begin PBXFileReference section */
		001741AE1A3BC60900D1D283 /* OpenTweet.app */ = {isa = PBXFileReference; explicitFileType = wrapper.application; includeInIndex = 0; path = OpenTweet.app; sourceTree = BUILT_PRODUCTS_DIR; };
		001741B21A3BC60900D1D283 /* Info.plist */ = {isa = PBXFileReference; lastKnownFileType = text.plist.xml; path = Info.plist; sourceTree = "<group>"; };
		001741B31A3BC60900D1D283 /* main.m */ = {isa = PBXFileReference; lastKnownFileType = sourcecode.c.objc; path = main.m; sourceTree = "<group>"; };
		001741B51A3BC60900D1D283 /* AppDelegate.h */ = {isa = PBXFileReference; lastKnownFileType = sourcecode.c.h; path = AppDelegate.h; sourceTree = "<group>"; };
		001741B61A3BC60900D1D283 /* AppDelegate.m */ = {isa = PBXFileReference; lastKnownFileType = sourcecode.c.objc; path = AppDelegate.m; sourceTree = "<group>"; };
		001741B81A3BC60900D1D283 /* TimeLineViewController.h */ = {isa = PBXFileReference; lastKnownFileType = sourcecode.c.h; path = TimeLineViewController.h; sourceTree = "<group>"; };
		001741B91A3BC60900D1D283 /* TimeLineViewController.m */ = {isa = PBXFileReference; lastKnownFileType = sourcecode.c.objc; path = TimeLineViewController.m; sourceTree = "<group>"; };
		001741BE1A3BC60900D1D283 /* Images.xcassets */ = {isa = PBXFileReference; lastKnownFileType = folder.assetcatalog; path = Images.xcassets; sourceTree = "<group>"; };
		001741C11A3BC60900D1D283 /* Base */ = {isa = PBXFileReference; lastKnownFileType = file.xib; name = Base; path = Base.lproj/LaunchScreen.xib; sourceTree = "<group>"; };
		001741C71A3BC60900D1D283 /* OpenTweetTests.xctest */ = {isa = PBXFileReference; explicitFileType = wrapper.cfbundle; includeInIndex = 0; path = OpenTweetTests.xctest; sourceTree = BUILT_PRODUCTS_DIR; };
		001741CC1A3BC60900D1D283 /* Info.plist */ = {isa = PBXFileReference; lastKnownFileType = text.plist.xml; path = Info.plist; sourceTree = "<group>"; };
		001741CD1A3BC60900D1D283 /* OpenTweetTests.m */ = {isa = PBXFileReference; lastKnownFileType = sourcecode.c.objc; path = OpenTweetTests.m; sourceTree = "<group>"; };
		001741D71A3BC7DC00D1D283 /* TimeLineViewController.xib */ = {isa = PBXFileReference; fileEncoding = 4; lastKnownFileType = file.xib; path = TimeLineViewController.xib; sourceTree = "<group>"; };
		001741DC1A3BC85900D1D283 /* timeline.json */ = {isa = PBXFileReference; fileEncoding = 4; lastKnownFileType = text.json; path = timeline.json; sourceTree = "<group>"; };
		4D2E9C421A3D003B0051E3C5 /* TweetThreadViewController.h */ = {isa = PBXFileReference; fileEncoding = 4; lastKnownFileType = sourcecode.c.h; path = TweetThreadViewController.h; sourceTree = "<group>"; };
		4D2E9C431A3D003B0051E3C5 /* TweetThreadViewController.m */ = {isa = PBXFileReference; fileEncoding = 4; lastKnownFileType = sourcecode.c.objc; path = TweetThreadViewController.m; sourceTree = "<group>"; };
		4D2E9C451A3D05180051E3C5 /* TweetThreadTableViewCell.h */ = {isa = PBXFileReference; fileEncoding = 4; lastKnownFileType = sourcecode.c.h; path = TweetThreadTableViewCell.h; sourceTree = "<group>"; };
		4D2E9C461A3D05180051E3C5 /* TweetThreadTableViewCell.m */ = {isa = PBXFileReference; fileEncoding = 4; lastKnownFileType = sourcecode.c.objc; path = TweetThreadTableViewCell.m; sourceTree = "<group>"; };
		4D5D6ABE1A3C009500B885A4 /* Main.storyboard */ = {isa = PBXFileReference; fileEncoding = 4; lastKnownFileType = file.storyboard; path = Main.storyboard; sourceTree = "<group>"; };
		4D5D6AC01A3C076F00B885A4 /* TimeLineTableViewCell.h */ = {isa = PBXFileReference; fileEncoding = 4; lastKnownFileType = sourcecode.c.h; path = TimeLineTableViewCell.h; sourceTree = "<group>"; };
		4D5D6AC11A3C076F00B885A4 /* TimeLineTableViewCell.m */ = {isa = PBXFileReference; fileEncoding = 4; lastKnownFileType = sourcecode.c.objc; path = TimeLineTableViewCell.m; sourceTree = "<group>"; };
/* End PBXFileReference section */

/* Begin PBXFrameworksBuildPhase section */
		001741AB1A3BC60900D1D283 /* Frameworks */ = {
			isa = PBXFrameworksBuildPhase;
			buildActionMask = 2147483647;
			files = (
			);
			runOnlyForDeploymentPostprocessing = 0;
		};
		001741C41A3BC60900D1D283 /* Frameworks */ = {
			isa = PBXFrameworksBuildPhase;
			buildActionMask = 2147483647;
			files = (
			);
			runOnlyForDeploymentPostprocessing = 0;
		};
/* End PBXFrameworksBuildPhase section */

/* Begin PBXGroup section */
		001741A51A3BC60900D1D283 = {
			isa = PBXGroup;
			children = (
				001741B01A3BC60900D1D283 /* OpenTweet */,
				001741DB1A3BC85900D1D283 /* Data */,
				001741CA1A3BC60900D1D283 /* OpenTweetTests */,
				001741AF1A3BC60900D1D283 /* Products */,
			);
			sourceTree = "<group>";
		};
		001741AF1A3BC60900D1D283 /* Products */ = {
			isa = PBXGroup;
			children = (
				001741AE1A3BC60900D1D283 /* OpenTweet.app */,
				001741C71A3BC60900D1D283 /* OpenTweetTests.xctest */,
			);
			name = Products;
			sourceTree = "<group>";
		};
		001741B01A3BC60900D1D283 /* OpenTweet */ = {
			isa = PBXGroup;
			children = (
				001741B51A3BC60900D1D283 /* AppDelegate.h */,
				001741B61A3BC60900D1D283 /* AppDelegate.m */,
				001741B81A3BC60900D1D283 /* TimeLineViewController.h */,
				001741B91A3BC60900D1D283 /* TimeLineViewController.m */,
				001741D71A3BC7DC00D1D283 /* TimeLineViewController.xib */,
				4D5D6AC01A3C076F00B885A4 /* TimeLineTableViewCell.h */,
				4D5D6AC11A3C076F00B885A4 /* TimeLineTableViewCell.m */,
				4D2E9C421A3D003B0051E3C5 /* TweetThreadViewController.h */,
				4D2E9C431A3D003B0051E3C5 /* TweetThreadViewController.m */,
				4D2E9C451A3D05180051E3C5 /* TweetThreadTableViewCell.h */,
				4D2E9C461A3D05180051E3C5 /* TweetThreadTableViewCell.m */,
				001741BE1A3BC60900D1D283 /* Images.xcassets */,
				001741C01A3BC60900D1D283 /* LaunchScreen.xib */,
				001741B11A3BC60900D1D283 /* Supporting Files */,
				4D5D6ABE1A3C009500B885A4 /* Main.storyboard */,
			);
			path = OpenTweet;
			sourceTree = "<group>";
		};
		001741B11A3BC60900D1D283 /* Supporting Files */ = {
			isa = PBXGroup;
			children = (
				001741B21A3BC60900D1D283 /* Info.plist */,
				001741B31A3BC60900D1D283 /* main.m */,
			);
			name = "Supporting Files";
			sourceTree = "<group>";
		};
		001741CA1A3BC60900D1D283 /* OpenTweetTests */ = {
			isa = PBXGroup;
			children = (
				001741CD1A3BC60900D1D283 /* OpenTweetTests.m */,
				001741CB1A3BC60900D1D283 /* Supporting Files */,
			);
			path = OpenTweetTests;
			sourceTree = "<group>";
		};
		001741CB1A3BC60900D1D283 /* Supporting Files */ = {
			isa = PBXGroup;
			children = (
				001741CC1A3BC60900D1D283 /* Info.plist */,
			);
			name = "Supporting Files";
			sourceTree = "<group>";
		};
		001741DB1A3BC85900D1D283 /* Data */ = {
			isa = PBXGroup;
			children = (
				001741DC1A3BC85900D1D283 /* timeline.json */,
			);
			path = Data;
			sourceTree = "<group>";
		};
/* End PBXGroup section */

/* Begin PBXNativeTarget section */
		001741AD1A3BC60900D1D283 /* OpenTweet */ = {
			isa = PBXNativeTarget;
			buildConfigurationList = 001741D11A3BC60900D1D283 /* Build configuration list for PBXNativeTarget "OpenTweet" */;
			buildPhases = (
				001741AA1A3BC60900D1D283 /* Sources */,
				001741AB1A3BC60900D1D283 /* Frameworks */,
				001741AC1A3BC60900D1D283 /* Resources */,
			);
			buildRules = (
			);
			dependencies = (
			);
			name = OpenTweet;
			productName = OpenTweet;
			productReference = 001741AE1A3BC60900D1D283 /* OpenTweet.app */;
			productType = "com.apple.product-type.application";
		};
		001741C61A3BC60900D1D283 /* OpenTweetTests */ = {
			isa = PBXNativeTarget;
			buildConfigurationList = 001741D41A3BC60900D1D283 /* Build configuration list for PBXNativeTarget "OpenTweetTests" */;
			buildPhases = (
				001741C31A3BC60900D1D283 /* Sources */,
				001741C41A3BC60900D1D283 /* Frameworks */,
				001741C51A3BC60900D1D283 /* Resources */,
			);
			buildRules = (
			);
			dependencies = (
				001741C91A3BC60900D1D283 /* PBXTargetDependency */,
			);
			name = OpenTweetTests;
			productName = OpenTweetTests;
			productReference = 001741C71A3BC60900D1D283 /* OpenTweetTests.xctest */;
			productType = "com.apple.product-type.bundle.unit-test";
		};
/* End PBXNativeTarget section */

/* Begin PBXProject section */
		001741A61A3BC60900D1D283 /* Project object */ = {
			isa = PBXProject;
			attributes = {
				LastUpgradeCheck = 0610;
				ORGANIZATIONNAME = OpenTable;
				TargetAttributes = {
					001741AD1A3BC60900D1D283 = {
						CreatedOnToolsVersion = 6.1.1;
					};
					001741C61A3BC60900D1D283 = {
						CreatedOnToolsVersion = 6.1.1;
						TestTargetID = 001741AD1A3BC60900D1D283;
					};
				};
			};
			buildConfigurationList = 001741A91A3BC60900D1D283 /* Build configuration list for PBXProject "OpenTweet" */;
			compatibilityVersion = "Xcode 3.2";
			developmentRegion = English;
			hasScannedForEncodings = 0;
			knownRegions = (
				en,
				Base,
			);
			mainGroup = 001741A51A3BC60900D1D283;
			productRefGroup = 001741AF1A3BC60900D1D283 /* Products */;
			projectDirPath = "";
			projectRoot = "";
			targets = (
				001741AD1A3BC60900D1D283 /* OpenTweet */,
				001741C61A3BC60900D1D283 /* OpenTweetTests */,
			);
		};
/* End PBXProject section */

/* Begin PBXResourcesBuildPhase section */
		001741AC1A3BC60900D1D283 /* Resources */ = {
			isa = PBXResourcesBuildPhase;
			buildActionMask = 2147483647;
			files = (
				001741DD1A3BC85900D1D283 /* timeline.json in Resources */,
				4D5D6ABF1A3C009500B885A4 /* Main.storyboard in Resources */,
				001741D81A3BC7DC00D1D283 /* TimeLineViewController.xib in Resources */,
				001741C21A3BC60900D1D283 /* LaunchScreen.xib in Resources */,
				001741BF1A3BC60900D1D283 /* Images.xcassets in Resources */,
			);
			runOnlyForDeploymentPostprocessing = 0;
		};
		001741C51A3BC60900D1D283 /* Resources */ = {
			isa = PBXResourcesBuildPhase;
			buildActionMask = 2147483647;
			files = (
			);
			runOnlyForDeploymentPostprocessing = 0;
		};
/* End PBXResourcesBuildPhase section */

/* Begin PBXSourcesBuildPhase section */
		001741AA1A3BC60900D1D283 /* Sources */ = {
			isa = PBXSourcesBuildPhase;
			buildActionMask = 2147483647;
			files = (
				4D5D6AC21A3C076F00B885A4 /* TimeLineTableViewCell.m in Sources */,
				4D2E9C471A3D05180051E3C5 /* TweetThreadTableViewCell.m in Sources */,
				001741BA1A3BC60900D1D283 /* TimeLineViewController.m in Sources */,
				4D2E9C441A3D003B0051E3C5 /* TweetThreadViewController.m in Sources */,
				001741B71A3BC60900D1D283 /* AppDelegate.m in Sources */,
				001741B41A3BC60900D1D283 /* main.m in Sources */,
			);
			runOnlyForDeploymentPostprocessing = 0;
		};
		001741C31A3BC60900D1D283 /* Sources */ = {
			isa = PBXSourcesBuildPhase;
			buildActionMask = 2147483647;
			files = (
				001741CE1A3BC60900D1D283 /* OpenTweetTests.m in Sources */,
			);
			runOnlyForDeploymentPostprocessing = 0;
		};
/* End PBXSourcesBuildPhase section */

/* Begin PBXTargetDependency section */
		001741C91A3BC60900D1D283 /* PBXTargetDependency */ = {
			isa = PBXTargetDependency;
			target = 001741AD1A3BC60900D1D283 /* OpenTweet */;
			targetProxy = 001741C81A3BC60900D1D283 /* PBXContainerItemProxy */;
		};
/* End PBXTargetDependency section */

/* Begin PBXVariantGroup section */
		001741C01A3BC60900D1D283 /* LaunchScreen.xib */ = {
			isa = PBXVariantGroup;
			children = (
				001741C11A3BC60900D1D283 /* Base */,
			);
			name = LaunchScreen.xib;
			sourceTree = "<group>";
		};
/* End PBXVariantGroup section */

/* Begin XCBuildConfiguration section */
		001741CF1A3BC60900D1D283 /* Debug */ = {
			isa = XCBuildConfiguration;
			buildSettings = {
				ALWAYS_SEARCH_USER_PATHS = NO;
				CLANG_CXX_LANGUAGE_STANDARD = "gnu++0x";
				CLANG_CXX_LIBRARY = "libc++";
				CLANG_ENABLE_MODULES = YES;
				CLANG_ENABLE_OBJC_ARC = YES;
				CLANG_WARN_BOOL_CONVERSION = YES;
				CLANG_WARN_CONSTANT_CONVERSION = YES;
				CLANG_WARN_DIRECT_OBJC_ISA_USAGE = YES_ERROR;
				CLANG_WARN_EMPTY_BODY = YES;
				CLANG_WARN_ENUM_CONVERSION = YES;
				CLANG_WARN_INT_CONVERSION = YES;
				CLANG_WARN_OBJC_ROOT_CLASS = YES_ERROR;
				CLANG_WARN_UNREACHABLE_CODE = YES;
				CLANG_WARN__DUPLICATE_METHOD_MATCH = YES;
				"CODE_SIGN_IDENTITY[sdk=iphoneos*]" = "iPhone Developer";
				COPY_PHASE_STRIP = NO;
				ENABLE_STRICT_OBJC_MSGSEND = YES;
				GCC_C_LANGUAGE_STANDARD = gnu99;
				GCC_DYNAMIC_NO_PIC = NO;
				GCC_OPTIMIZATION_LEVEL = 0;
				GCC_PREPROCESSOR_DEFINITIONS = (
					"DEBUG=1",
					"$(inherited)",
				);
				GCC_SYMBOLS_PRIVATE_EXTERN = NO;
				GCC_WARN_64_TO_32_BIT_CONVERSION = YES;
				GCC_WARN_ABOUT_RETURN_TYPE = YES_ERROR;
				GCC_WARN_UNDECLARED_SELECTOR = YES;
				GCC_WARN_UNINITIALIZED_AUTOS = YES_AGGRESSIVE;
				GCC_WARN_UNUSED_FUNCTION = YES;
				GCC_WARN_UNUSED_VARIABLE = YES;
				IPHONEOS_DEPLOYMENT_TARGET = 8.1;
				MTL_ENABLE_DEBUG_INFO = YES;
				ONLY_ACTIVE_ARCH = YES;
				SDKROOT = iphoneos;
			};
			name = Debug;
		};
		001741D01A3BC60900D1D283 /* Release */ = {
			isa = XCBuildConfiguration;
			buildSettings = {
				ALWAYS_SEARCH_USER_PATHS = NO;
				CLANG_CXX_LANGUAGE_STANDARD = "gnu++0x";
				CLANG_CXX_LIBRARY = "libc++";
				CLANG_ENABLE_MODULES = YES;
				CLANG_ENABLE_OBJC_ARC = YES;
				CLANG_WARN_BOOL_CONVERSION = YES;
				CLANG_WARN_CONSTANT_CONVERSION = YES;
				CLANG_WARN_DIRECT_OBJC_ISA_USAGE = YES_ERROR;
				CLANG_WARN_EMPTY_BODY = YES;
				CLANG_WARN_ENUM_CONVERSION = YES;
				CLANG_WARN_INT_CONVERSION = YES;
				CLANG_WARN_OBJC_ROOT_CLASS = YES_ERROR;
				CLANG_WARN_UNREACHABLE_CODE = YES;
				CLANG_WARN__DUPLICATE_METHOD_MATCH = YES;
				"CODE_SIGN_IDENTITY[sdk=iphoneos*]" = "iPhone Developer";
				COPY_PHASE_STRIP = YES;
				ENABLE_NS_ASSERTIONS = NO;
				ENABLE_STRICT_OBJC_MSGSEND = YES;
				GCC_C_LANGUAGE_STANDARD = gnu99;
				GCC_WARN_64_TO_32_BIT_CONVERSION = YES;
				GCC_WARN_ABOUT_RETURN_TYPE = YES_ERROR;
				GCC_WARN_UNDECLARED_SELECTOR = YES;
				GCC_WARN_UNINITIALIZED_AUTOS = YES_AGGRESSIVE;
				GCC_WARN_UNUSED_FUNCTION = YES;
				GCC_WARN_UNUSED_VARIABLE = YES;
				IPHONEOS_DEPLOYMENT_TARGET = 8.1;
				MTL_ENABLE_DEBUG_INFO = NO;
				SDKROOT = iphoneos;
				VALIDATE_PRODUCT = YES;
			};
			name = Release;
		};
		001741D21A3BC60900D1D283 /* Debug */ = {
			isa = XCBuildConfiguration;
			buildSettings = {
				ASSETCATALOG_COMPILER_APPICON_NAME = AppIcon;
				INFOPLIST_FILE = OpenTweet/Info.plist;
				LD_RUNPATH_SEARCH_PATHS = "$(inherited) @executable_path/Frameworks";
				PRODUCT_NAME = "$(TARGET_NAME)";
			};
			name = Debug;
		};
		001741D31A3BC60900D1D283 /* Release */ = {
			isa = XCBuildConfiguration;
			buildSettings = {
				ASSETCATALOG_COMPILER_APPICON_NAME = AppIcon;
				INFOPLIST_FILE = OpenTweet/Info.plist;
				LD_RUNPATH_SEARCH_PATHS = "$(inherited) @executable_path/Frameworks";
				PRODUCT_NAME = "$(TARGET_NAME)";
			};
			name = Release;
		};
		001741D51A3BC60900D1D283 /* Debug */ = {
			isa = XCBuildConfiguration;
			buildSettings = {
				BUNDLE_LOADER = "$(TEST_HOST)";
				FRAMEWORK_SEARCH_PATHS = (
					"$(SDKROOT)/Developer/Library/Frameworks",
					"$(inherited)",
				);
				GCC_PREPROCESSOR_DEFINITIONS = (
					"DEBUG=1",
					"$(inherited)",
				);
				INFOPLIST_FILE = OpenTweetTests/Info.plist;
				LD_RUNPATH_SEARCH_PATHS = "$(inherited) @executable_path/Frameworks @loader_path/Frameworks";
				PRODUCT_NAME = "$(TARGET_NAME)";
				TEST_HOST = "$(BUILT_PRODUCTS_DIR)/OpenTweet.app/OpenTweet";
			};
			name = Debug;
		};
		001741D61A3BC60900D1D283 /* Release */ = {
			isa = XCBuildConfiguration;
			buildSettings = {
				BUNDLE_LOADER = "$(TEST_HOST)";
				FRAMEWORK_SEARCH_PATHS = (
					"$(SDKROOT)/Developer/Library/Frameworks",
					"$(inherited)",
				);
				INFOPLIST_FILE = OpenTweetTests/Info.plist;
				LD_RUNPATH_SEARCH_PATHS = "$(inherited) @executable_path/Frameworks @loader_path/Frameworks";
				PRODUCT_NAME = "$(TARGET_NAME)";
				TEST_HOST = "$(BUILT_PRODUCTS_DIR)/OpenTweet.app/OpenTweet";
			};
			name = Release;
		};
/* End XCBuildConfiguration section */

/* Begin XCConfigurationList section */
		001741A91A3BC60900D1D283 /* Build configuration list for PBXProject "OpenTweet" */ = {
			isa = XCConfigurationList;
			buildConfigurations = (
				001741CF1A3BC60900D1D283 /* Debug */,
				001741D01A3BC60900D1D283 /* Release */,
			);
			defaultConfigurationIsVisible = 0;
			defaultConfigurationName = Release;
		};
		001741D11A3BC60900D1D283 /* Build configuration list for PBXNativeTarget "OpenTweet" */ = {
			isa = XCConfigurationList;
			buildConfigurations = (
				001741D21A3BC60900D1D283 /* Debug */,
				001741D31A3BC60900D1D283 /* Release */,
			);
			defaultConfigurationIsVisible = 0;
			defaultConfigurationName = Release;
		};
		001741D41A3BC60900D1D283 /* Build configuration list for PBXNativeTarget "OpenTweetTests" */ = {
			isa = XCConfigurationList;
			buildConfigurations = (
				001741D51A3BC60900D1D283 /* Debug */,
				001741D61A3BC60900D1D283 /* Release */,
			);
			defaultConfigurationIsVisible = 0;
			defaultConfigurationName = Release;
		};
/* End XCConfigurationList section */
	};
	rootObject = 001741A61A3BC60900D1D283 /* Project object */;
}
